
Microsoft Visual Studio Solution File, Format Version 12.00
Project("{FAE04EC0-301F-11D3-BF4B-00C04F79EFBC}") = "CsNet", "CsNet.csproj", "{8206E0D9-C25A-43BD-BCB1-C76B93FA3AFB}"
EndProject
Global
	GlobalSection(SolutionConfigurationPlatforms) = preSolution
		Debug|Any CPU = Debug|Any CPU
		Release|Any CPU = Release|Any CPU
	EndGlobalSection
	GlobalSection(ProjectConfigurationPlatforms) = postSolution
		{8206E0D9-C25A-43BD-BCB1-C76B93FA3AFB}.Debug|Any CPU.ActiveCfg = Debug|Any CPU
		{8206E0D9-C25A-43BD-BCB1-C76B93FA3AFB}.Debug|Any CPU.Build.0 = Debug|Any CPU
		{8206E0D9-C25A-43BD-BCB1-C76B93FA3AFB}.Release|Any CPU.ActiveCfg = Release|Any CPU
		{8206E0D9-C25A-43BD-BCB1-C76B93FA3AFB}.Release|Any CPU.Build.0 = Release|Any CPU
	EndGlobalSection
EndGlobal
